
Microsoft Visual Studio Solution File, Format Version 12.00
# Visual Studio 2012
Project("{FAE04EC0-301F-11D3-BF4B-00C04F79EFBC}") = "BiggySamples.Core", "BiggySamples.Core\BiggySamples.Core.csproj", "{173285D5-17D4-4624-968D-BBA03F29F48D}"
EndProject
Project("{FAE04EC0-301F-11D3-BF4B-00C04F79EFBC}") = "Biggy.UI.Droid", "Biggy.UI.Droid\Biggy.UI.Droid.csproj", "{D0A82C21-E3C0-44E0-801D-EDF261FC5D4B}"
EndProject
Global
	GlobalSection(SolutionConfigurationPlatforms) = preSolution
		Debug|Any CPU = Debug|Any CPU
		Release|Any CPU = Release|Any CPU
	EndGlobalSection
	GlobalSection(ProjectConfigurationPlatforms) = postSolution
		{173285D5-17D4-4624-968D-BBA03F29F48D}.Debug|Any CPU.ActiveCfg = Debug|Any CPU
		{173285D5-17D4-4624-968D-BBA03F29F48D}.Debug|Any CPU.Build.0 = Debug|Any CPU
		{173285D5-17D4-4624-968D-BBA03F29F48D}.Release|Any CPU.ActiveCfg = Release|Any CPU
		{173285D5-17D4-4624-968D-BBA03F29F48D}.Release|Any CPU.Build.0 = Release|Any CPU
		{D0A82C21-E3C0-44E0-801D-EDF261FC5D4B}.Debug|Any CPU.ActiveCfg = Debug|Any CPU
		{D0A82C21-E3C0-44E0-801D-EDF261FC5D4B}.Debug|Any CPU.Build.0 = Debug|Any CPU
		{D0A82C21-E3C0-44E0-801D-EDF261FC5D4B}.Release|Any CPU.ActiveCfg = Release|Any CPU
		{D0A82C21-E3C0-44E0-801D-EDF261FC5D4B}.Release|Any CPU.Build.0 = Release|Any CPU
	EndGlobalSection
	GlobalSection(MonoDevelopProperties) = preSolution
		StartupItem = Biggy.UI.Droid\Biggy.UI.Droid.csproj
	EndGlobalSection
EndGlobal
