
Microsoft Visual Studio Solution File, Format Version 12.00
# Visual Studio 2012
Project("{FAE04EC0-301F-11D3-BF4B-00C04F79EFBC}") = "Biggy.Mobile", "Biggy.Mobile\Biggy.Mobile.csproj", "{2E9D0AF5-410F-47EB-9767-C3A04FD5F96C}"
EndProject
Project("{FAE04EC0-301F-11D3-BF4B-00C04F79EFBC}") = "Biggy.Mobile.Droid", "Biggy.Mobile.Droid\Biggy.Mobile.Droid.csproj", "{3D65ED91-B172-43C1-8534-5F6951DE9324}"
EndProject
Global
	GlobalSection(SolutionConfigurationPlatforms) = preSolution
		Debug|Any CPU = Debug|Any CPU
		Release|Any CPU = Release|Any CPU
	EndGlobalSection
	GlobalSection(ProjectConfigurationPlatforms) = postSolution
		{2E9D0AF5-410F-47EB-9767-C3A04FD5F96C}.Debug|Any CPU.ActiveCfg = Debug|Any CPU
		{2E9D0AF5-410F-47EB-9767-C3A04FD5F96C}.Debug|Any CPU.Build.0 = Debug|Any CPU
		{2E9D0AF5-410F-47EB-9767-C3A04FD5F96C}.Release|Any CPU.ActiveCfg = Release|Any CPU
		{2E9D0AF5-410F-47EB-9767-C3A04FD5F96C}.Release|Any CPU.Build.0 = Release|Any CPU
		{3D65ED91-B172-43C1-8534-5F6951DE9324}.Debug|Any CPU.ActiveCfg = Debug|Any CPU
		{3D65ED91-B172-43C1-8534-5F6951DE9324}.Debug|Any CPU.Build.0 = Debug|Any CPU
		{3D65ED91-B172-43C1-8534-5F6951DE9324}.Release|Any CPU.ActiveCfg = Release|Any CPU
		{3D65ED91-B172-43C1-8534-5F6951DE9324}.Release|Any CPU.Build.0 = Release|Any CPU
	EndGlobalSection
	GlobalSection(MonoDevelopProperties) = preSolution
		StartupItem = Biggy.Mobile\Biggy.Mobile.csproj
	EndGlobalSection
EndGlobal
